
Microsoft Visual Studio Solution File, Format Version 12.00
# Visual Studio 15
VisualStudioVersion = 15.0.26124.0
MinimumVisualStudioVersion = 15.0.26124.0
Project("{FAE04EC0-301F-11D3-BF4B-00C04F79EFBC}") = "Domain", "Domain\Domain.csproj", "{5265DC69-F8E1-42FA-B745-2279004D34D2}"
EndProject
Project("{FAE04EC0-301F-11D3-BF4B-00C04F79EFBC}") = "Application", "Application\Application.csproj", "{E9649E96-EB5F-4F28-9174-D09EDDFC725B}"
EndProject
Project("{FAE04EC0-301F-11D3-BF4B-00C04F79EFBC}") = "Persistance", "Persistance\Persistance.csproj", "{CF16BDF9-2215-43B4-B18F-2EF07A1BC3A9}"
EndProject
Project("{FAE04EC0-301F-11D3-BF4B-00C04F79EFBC}") = "API", "API\API.csproj", "{7F54F1F5-F78D-4BFA-AA76-1A400DF8AB0F}"
EndProject
Global
	GlobalSection(SolutionConfigurationPlatforms) = preSolution
		Debug|Any CPU = Debug|Any CPU
		Debug|x64 = Debug|x64
		Debug|x86 = Debug|x86
		Release|Any CPU = Release|Any CPU
		Release|x64 = Release|x64
		Release|x86 = Release|x86
	EndGlobalSection
	GlobalSection(SolutionProperties) = preSolution
		HideSolutionNode = FALSE
	EndGlobalSection
	GlobalSection(ProjectConfigurationPlatforms) = postSolution
		{5265DC69-F8E1-42FA-B745-2279004D34D2}.Debug|Any CPU.ActiveCfg = Debug|Any CPU
		{5265DC69-F8E1-42FA-B745-2279004D34D2}.Debug|Any CPU.Build.0 = Debug|Any CPU
		{5265DC69-F8E1-42FA-B745-2279004D34D2}.Debug|x64.ActiveCfg = Debug|Any CPU
		{5265DC69-F8E1-42FA-B745-2279004D34D2}.Debug|x64.Build.0 = Debug|Any CPU
		{5265DC69-F8E1-42FA-B745-2279004D34D2}.Debug|x86.ActiveCfg = Debug|Any CPU
		{5265DC69-F8E1-42FA-B745-2279004D34D2}.Debug|x86.Build.0 = Debug|Any CPU
		{5265DC69-F8E1-42FA-B745-2279004D34D2}.Release|Any CPU.ActiveCfg = Release|Any CPU
		{5265DC69-F8E1-42FA-B745-2279004D34D2}.Release|Any CPU.Build.0 = Release|Any CPU
		{5265DC69-F8E1-42FA-B745-2279004D34D2}.Release|x64.ActiveCfg = Release|Any CPU
		{5265DC69-F8E1-42FA-B745-2279004D34D2}.Release|x64.Build.0 = Release|Any CPU
		{5265DC69-F8E1-42FA-B745-2279004D34D2}.Release|x86.ActiveCfg = Release|Any CPU
		{5265DC69-F8E1-42FA-B745-2279004D34D2}.Release|x86.Build.0 = Release|Any CPU
		{E9649E96-EB5F-4F28-9174-D09EDDFC725B}.Debug|Any CPU.ActiveCfg = Debug|Any CPU
		{E9649E96-EB5F-4F28-9174-D09EDDFC725B}.Debug|Any CPU.Build.0 = Debug|Any CPU
		{E9649E96-EB5F-4F28-9174-D09EDDFC725B}.Debug|x64.ActiveCfg = Debug|Any CPU
		{E9649E96-EB5F-4F28-9174-D09EDDFC725B}.Debug|x64.Build.0 = Debug|Any CPU
		{E9649E96-EB5F-4F28-9174-D09EDDFC725B}.Debug|x86.ActiveCfg = Debug|Any CPU
		{E9649E96-EB5F-4F28-9174-D09EDDFC725B}.Debug|x86.Build.0 = Debug|Any CPU
		{E9649E96-EB5F-4F28-9174-D09EDDFC725B}.Release|Any CPU.ActiveCfg = Release|Any CPU
		{E9649E96-EB5F-4F28-9174-D09EDDFC725B}.Release|Any CPU.Build.0 = Release|Any CPU
		{E9649E96-EB5F-4F28-9174-D09EDDFC725B}.Release|x64.ActiveCfg = Release|Any CPU
		{E9649E96-EB5F-4F28-9174-D09EDDFC725B}.Release|x64.Build.0 = Release|Any CPU
		{E9649E96-EB5F-4F28-9174-D09EDDFC725B}.Release|x86.ActiveCfg = Release|Any CPU
		{E9649E96-EB5F-4F28-9174-D09EDDFC725B}.Release|x86.Build.0 = Release|Any CPU
		{CF16BDF9-2215-43B4-B18F-2EF07A1BC3A9}.Debug|Any CPU.ActiveCfg = Debug|Any CPU
		{CF16BDF9-2215-43B4-B18F-2EF07A1BC3A9}.Debug|Any CPU.Build.0 = Debug|Any CPU
		{CF16BDF9-2215-43B4-B18F-2EF07A1BC3A9}.Debug|x64.ActiveCfg = Debug|Any CPU
		{CF16BDF9-2215-43B4-B18F-2EF07A1BC3A9}.Debug|x64.Build.0 = Debug|Any CPU
		{CF16BDF9-2215-43B4-B18F-2EF07A1BC3A9}.Debug|x86.ActiveCfg = Debug|Any CPU
		{CF16BDF9-2215-43B4-B18F-2EF07A1BC3A9}.Debug|x86.Build.0 = Debug|Any CPU
		{CF16BDF9-2215-43B4-B18F-2EF07A1BC3A9}.Release|Any CPU.ActiveCfg = Release|Any CPU
		{CF16BDF9-2215-43B4-B18F-2EF07A1BC3A9}.Release|Any CPU.Build.0 = Release|Any CPU
		{CF16BDF9-2215-43B4-B18F-2EF07A1BC3A9}.Release|x64.ActiveCfg = Release|Any CPU
		{CF16BDF9-2215-43B4-B18F-2EF07A1BC3A9}.Release|x64.Build.0 = Release|Any CPU
		{CF16BDF9-2215-43B4-B18F-2EF07A1BC3A9}.Release|x86.ActiveCfg = Release|Any CPU
		{CF16BDF9-2215-43B4-B18F-2EF07A1BC3A9}.Release|x86.Build.0 = Release|Any CPU
		{7F54F1F5-F78D-4BFA-AA76-1A400DF8AB0F}.Debug|Any CPU.ActiveCfg = Debug|Any CPU
		{7F54F1F5-F78D-4BFA-AA76-1A400DF8AB0F}.Debug|Any CPU.Build.0 = Debug|Any CPU
		{7F54F1F5-F78D-4BFA-AA76-1A400DF8AB0F}.Debug|x64.ActiveCfg = Debug|Any CPU
		{7F54F1F5-F78D-4BFA-AA76-1A400DF8AB0F}.Debug|x64.Build.0 = Debug|Any CPU
		{7F54F1F5-F78D-4BFA-AA76-1A400DF8AB0F}.Debug|x86.ActiveCfg = Debug|Any CPU
		{7F54F1F5-F78D-4BFA-AA76-1A400DF8AB0F}.Debug|x86.Build.0 = Debug|Any CPU
		{7F54F1F5-F78D-4BFA-AA76-1A400DF8AB0F}.Release|Any CPU.ActiveCfg = Release|Any CPU
		{7F54F1F5-F78D-4BFA-AA76-1A400DF8AB0F}.Release|Any CPU.Build.0 = Release|Any CPU
		{7F54F1F5-F78D-4BFA-AA76-1A400DF8AB0F}.Release|x64.ActiveCfg = Release|Any CPU
		{7F54F1F5-F78D-4BFA-AA76-1A400DF8AB0F}.Release|x64.Build.0 = Release|Any CPU
		{7F54F1F5-F78D-4BFA-AA76-1A400DF8AB0F}.Release|x86.ActiveCfg = Release|Any CPU
		{7F54F1F5-F78D-4BFA-AA76-1A400DF8AB0F}.Release|x86.Build.0 = Release|Any CPU
	EndGlobalSection
EndGlobal
